
Microsoft Visual Studio Solution File, Format Version 12.00
# Visual Studio Version 17
VisualStudioVersion = 17.6.33829.357
MinimumVisualStudioVersion = 10.0.40219.1
Project("{FAE04EC0-301F-11D3-BF4B-00C04F79EFBC}") = "MailChecker", "MailChecker\MailChecker.csproj", "{C914275D-4CDB-49FC-82A3-D44D5B52E926}"
EndProject
Global
	GlobalSection(SolutionConfigurationPlatforms) = preSolution
		Debug|Any CPU = Debug|Any CPU
		Release|Any CPU = Release|Any CPU
	EndGlobalSection
	GlobalSection(ProjectConfigurationPlatforms) = postSolution
		{C914275D-4CDB-49FC-82A3-D44D5B52E926}.Debug|Any CPU.ActiveCfg = Debug|Any CPU
		{C914275D-4CDB-49FC-82A3-D44D5B52E926}.Debug|Any CPU.Build.0 = Debug|Any CPU
		{C914275D-4CDB-49FC-82A3-D44D5B52E926}.Release|Any CPU.ActiveCfg = Release|Any CPU
		{C914275D-4CDB-49FC-82A3-D44D5B52E926}.Release|Any CPU.Build.0 = Release|Any CPU
	EndGlobalSection
	GlobalSection(SolutionProperties) = preSolution
		HideSolutionNode = FALSE
	EndGlobalSection
	GlobalSection(ExtensibilityGlobals) = postSolution
		SolutionGuid = {FA4F531F-B0B1-4566-885E-D59569BE8F94}
	EndGlobalSection
EndGlobal
